{
  "requires": true,
  "lockfileVersion": 1,
  "dependencies": {
    "lodash": {
      "version": "4.17.11",
      "resolved": "https://registry.npmjs.org/lodash/-/lodash-4.17.11.tgz",
      "integrity": "sha512-cQKh8igo5QUhZ7lg38DYWAxMvjSAKG0A8wGSVimP07SIUEK2UO+arSRKbRZWtelMtN5V0Hkwh5ryOto/SshYIg==",
      "dev": true
    },
    "serverless-secrets": {
      "version": "3.0.0-beta.12",
      "resolved": "https://registry.npmjs.org/serverless-secrets/-/serverless-secrets-3.0.0-beta.12.tgz",
      "integrity": "sha512-Hu+5XYsp9OL4SZORl7VHUpKw20oK20KD8p5G0lAl155I/HDZTvCYJwAfTdiodnEj1ZSZlWRwqlZ2VNCdzaLlJg==",
      "dev": true,
      "requires": {
        "lodash": "^4.17.4"
      }
    }
  }
}
